
Microsoft Visual Studio Solution File, Format Version 12.00
# Visual Studio Version 16
VisualStudioVersion = 16.0.28809.33
MinimumVisualStudioVersion = 10.0.40219.1
Project("{FAE04EC0-301F-11D3-BF4B-00C04F79EFBC}") = "Somuleco-Blazor", "Somuleco-Blazor\Somuleco-Blazor.csproj", "{EFC4B1B4-45CD-4B5E-AD74-2E37ADC435FF}"
EndProject
Global
	GlobalSection(SolutionConfigurationPlatforms) = preSolution
		Debug|Any CPU = Debug|Any CPU
		Release|Any CPU = Release|Any CPU
	EndGlobalSection
	GlobalSection(ProjectConfigurationPlatforms) = postSolution
		{EFC4B1B4-45CD-4B5E-AD74-2E37ADC435FF}.Debug|Any CPU.ActiveCfg = Debug|Any CPU
		{EFC4B1B4-45CD-4B5E-AD74-2E37ADC435FF}.Debug|Any CPU.Build.0 = Debug|Any CPU
		{EFC4B1B4-45CD-4B5E-AD74-2E37ADC435FF}.Release|Any CPU.ActiveCfg = Release|Any CPU
		{EFC4B1B4-45CD-4B5E-AD74-2E37ADC435FF}.Release|Any CPU.Build.0 = Release|Any CPU
	EndGlobalSection
	GlobalSection(SolutionProperties) = preSolution
		HideSolutionNode = FALSE
	EndGlobalSection
	GlobalSection(ExtensibilityGlobals) = postSolution
		SolutionGuid = {89FD0F89-AAAF-4CF2-8198-808EDF5C2C72}
	EndGlobalSection
EndGlobal
